
Microsoft Visual Studio Solution File, Format Version 11.00
# Visual Studio 2010
Project("{FAE04EC0-301F-11D3-BF4B-00C04F79EFBC}") = "Funlam-2015-02-Clinica-Web", "Funlam-2015-02-Clinica-Web.csproj", "{E824AAA3-9AB0-4E62-8525-38902647D19D}"
EndProject
Global
	GlobalSection(SolutionConfigurationPlatforms) = preSolution
		Debug|Any CPU = Debug|Any CPU
		Release|Any CPU = Release|Any CPU
	EndGlobalSection
	GlobalSection(ProjectConfigurationPlatforms) = postSolution
		{E824AAA3-9AB0-4E62-8525-38902647D19D}.Debug|Any CPU.ActiveCfg = Debug|Any CPU
		{E824AAA3-9AB0-4E62-8525-38902647D19D}.Debug|Any CPU.Build.0 = Debug|Any CPU
		{E824AAA3-9AB0-4E62-8525-38902647D19D}.Release|Any CPU.ActiveCfg = Release|Any CPU
		{E824AAA3-9AB0-4E62-8525-38902647D19D}.Release|Any CPU.Build.0 = Release|Any CPU
	EndGlobalSection
	GlobalSection(SolutionProperties) = preSolution
		HideSolutionNode = FALSE
	EndGlobalSection
EndGlobal
